// !$*UTF8*$!
{
	archiveVersion = 1;
	classes = {
	};
	objectVersion = 56;
	objects = {

/* Begin PBXBuildFile section */
		ACB70E332C5FBBEE00923997 /* InspectApp.swift in Sources */ = {isa = PBXBuildFile; fileRef = ACB70E322C5FBBEE00923997 /* InspectApp.swift */; };
		ACB70E352C5FBBEE00923997 /* MainView.swift in Sources */ = {isa = PBXBuildFile; fileRef = ACB70E342C5FBBEE00923997 /* MainView.swift */; };
		ACB70E372C5FBBF000923997 /* Assets.xcassets in Resources */ = {isa = PBXBuildFile; fileRef = ACB70E362C5FBBF000923997 /* Assets.xcassets */; };
		ACB70E3A2C5FBBF000923997 /* Preview Assets.xcassets in Resources */ = {isa = PBXBuildFile; fileRef = ACB70E392C5FBBF000923997 /* Preview Assets.xcassets */; };
		ACB70E442C5FDCB900923997 /* AuthenticationView.swift in Sources */ = {isa = PBXBuildFile; fileRef = ACB70E432C5FDCB900923997 /* AuthenticationView.swift */; };
		ACB70E482C5FE87600923997 /* AuthenticationViewModel.swift in Sources */ = {isa = PBXBuildFile; fileRef = ACB70E472C5FE87600923997 /* AuthenticationViewModel.swift */; };
		ACB70E4B2C5FE88D00923997 /* AuthenticationRepository.swift in Sources */ = {isa = PBXBuildFile; fileRef = ACB70E4A2C5FE88D00923997 /* AuthenticationRepository.swift */; };
		ACB70E4D2C5FE91000923997 /* RemoteAuthRepository.swift in Sources */ = {isa = PBXBuildFile; fileRef = ACB70E4C2C5FE91000923997 /* RemoteAuthRepository.swift */; };
		ACB70E522C60DECC00923997 /* AppDependencyContainer.swift in Sources */ = {isa = PBXBuildFile; fileRef = ACB70E512C60DECC00923997 /* AppDependencyContainer.swift */; };
		ACB70E572C60DF8000923997 /* HttpClient.swift in Sources */ = {isa = PBXBuildFile; fileRef = ACB70E562C60DF8000923997 /* HttpClient.swift */; };
		ACB70E592C60DFD900923997 /* Endpoint.swift in Sources */ = {isa = PBXBuildFile; fileRef = ACB70E582C60DFD900923997 /* Endpoint.swift */; };
		ACB70E5C2C60DFF500923997 /* HttpMethodType.swift in Sources */ = {isa = PBXBuildFile; fileRef = ACB70E5B2C60DFF500923997 /* HttpMethodType.swift */; };
		ACB70E5E2C60E0C700923997 /* NetworkError.swift in Sources */ = {isa = PBXBuildFile; fileRef = ACB70E5D2C60E0C700923997 /* NetworkError.swift */; };
		ACB70E602C60E14900923997 /* DataParsing.swift in Sources */ = {isa = PBXBuildFile; fileRef = ACB70E5F2C60E14900923997 /* DataParsing.swift */; };
		ACB70E632C60E18C00923997 /* URLSessionHttpClient.swift in Sources */ = {isa = PBXBuildFile; fileRef = ACB70E622C60E18C00923997 /* URLSessionHttpClient.swift */; };
		ACB70E652C60E1FF00923997 /* JSONDataParser.swift in Sources */ = {isa = PBXBuildFile; fileRef = ACB70E642C60E1FF00923997 /* JSONDataParser.swift */; };
		ACB70E672C60E41900923997 /* NetworkManager.swift in Sources */ = {isa = PBXBuildFile; fileRef = ACB70E662C60E41900923997 /* NetworkManager.swift */; };
		ACB70E6C2C60E60300923997 /* MainViewModel.swift in Sources */ = {isa = PBXBuildFile; fileRef = ACB70E6B2C60E60300923997 /* MainViewModel.swift */; };
		ACB70E6F2C60E7AF00923997 /* SignInResponder.swift in Sources */ = {isa = PBXBuildFile; fileRef = ACB70E6E2C60E7AF00923997 /* SignInResponder.swift */; };
		ACB70E712C60E7BA00923997 /* SignUpResponder.swift in Sources */ = {isa = PBXBuildFile; fileRef = ACB70E702C60E7BA00923997 /* SignUpResponder.swift */; };
		ACB70E742C60EFAD00923997 /* HomeView.swift in Sources */ = {isa = PBXBuildFile; fileRef = ACB70E732C60EFAD00923997 /* HomeView.swift */; };
		ACB70E772C60F52A00923997 /* AuthDependencyContainer.swift in Sources */ = {isa = PBXBuildFile; fileRef = ACB70E762C60F52A00923997 /* AuthDependencyContainer.swift */; };
		ACB70E7A2C60FAEF00923997 /* SignUpEndpoint.swift in Sources */ = {isa = PBXBuildFile; fileRef = ACB70E792C60FAEF00923997 /* SignUpEndpoint.swift */; };
		ACB70E7C2C60FD4B00923997 /* SignInEndpoint.swift in Sources */ = {isa = PBXBuildFile; fileRef = ACB70E7B2C60FD4B00923997 /* SignInEndpoint.swift */; };
		ACB70E822C61388400923997 /* InspectionsTabView.swift in Sources */ = {isa = PBXBuildFile; fileRef = ACB70E812C61388400923997 /* InspectionsTabView.swift */; };
		ACB70E842C61389200923997 /* ProfileTabView.swift in Sources */ = {isa = PBXBuildFile; fileRef = ACB70E832C61389200923997 /* ProfileTabView.swift */; };
		ACB70E872C613A3400923997 /* InspectionsEmptyStateView.swift in Sources */ = {isa = PBXBuildFile; fileRef = ACB70E862C613A3400923997 /* InspectionsEmptyStateView.swift */; };
		ACB70E892C613BFD00923997 /* InspectionsTabViewModel.swift in Sources */ = {isa = PBXBuildFile; fileRef = ACB70E882C613BFD00923997 /* InspectionsTabViewModel.swift */; };
		ACB70E8C2C6141C400923997 /* InspectionsRepository.swift in Sources */ = {isa = PBXBuildFile; fileRef = ACB70E8B2C6141C400923997 /* InspectionsRepository.swift */; };
		ACB70E8F2C61423400923997 /* InspectionData.swift in Sources */ = {isa = PBXBuildFile; fileRef = ACB70E8E2C61423400923997 /* InspectionData.swift */; };
		ACB70E912C614C6A00923997 /* InspectionsListView.swift in Sources */ = {isa = PBXBuildFile; fileRef = ACB70E902C614C6A00923997 /* InspectionsListView.swift */; };
		ACB70E932C6151C300923997 /* QuestionnaireView.swift in Sources */ = {isa = PBXBuildFile; fileRef = ACB70E922C6151C300923997 /* QuestionnaireView.swift */; };
		ACB70E952C6151F500923997 /* QuestionnaireViewModel.swift in Sources */ = {isa = PBXBuildFile; fileRef = ACB70E942C6151F500923997 /* QuestionnaireViewModel.swift */; };
		ACB70E9D2C616D7400923997 /* InspectionsAPIRepository.swift in Sources */ = {isa = PBXBuildFile; fileRef = ACB70E9C2C616D7400923997 /* InspectionsAPIRepository.swift */; };
		ACB70EA02C616DE100923997 /* StartInspectionEndpoint.swift in Sources */ = {isa = PBXBuildFile; fileRef = ACB70E9F2C616DE100923997 /* StartInspectionEndpoint.swift */; };
		ACB70F3A2C61903E00923997 /* InspectionsDataStore.swift in Sources */ = {isa = PBXBuildFile; fileRef = ACB70F392C61903E00923997 /* InspectionsDataStore.swift */; };
		ACB70F3C2C6190E800923997 /* InspectionsFileDataStore.swift in Sources */ = {isa = PBXBuildFile; fileRef = ACB70F3B2C6190E800923997 /* InspectionsFileDataStore.swift */; };
		ACB70F422C6199F300923997 /* InspectionsDependencyContainer.swift in Sources */ = {isa = PBXBuildFile; fileRef = ACB70F412C6199F300923997 /* InspectionsDependencyContainer.swift */; };
		ACB70F442C6382BE00923997 /* SubmitInspectionEndpoint.swift in Sources */ = {isa = PBXBuildFile; fileRef = ACB70F432C6382BE00923997 /* SubmitInspectionEndpoint.swift */; };
/* End PBXBuildFile section */

/* Begin PBXFileReference section */
		ACB70E2F2C5FBBEE00923997 /* Inspect.app */ = {isa = PBXFileReference; explicitFileType = wrapper.application; includeInIndex = 0; path = Inspect.app; sourceTree = BUILT_PRODUCTS_DIR; };
		ACB70E322C5FBBEE00923997 /* InspectApp.swift */ = {isa = PBXFileReference; lastKnownFileType = sourcecode.swift; path = InspectApp.swift; sourceTree = "<group>"; };
		ACB70E342C5FBBEE00923997 /* MainView.swift */ = {isa = PBXFileReference; lastKnownFileType = sourcecode.swift; path = MainView.swift; sourceTree = "<group>"; };
		ACB70E362C5FBBF000923997 /* Assets.xcassets */ = {isa = PBXFileReference; lastKnownFileType = folder.assetcatalog; path = Assets.xcassets; sourceTree = "<group>"; };
		ACB70E392C5FBBF000923997 /* Preview Assets.xcassets */ = {isa = PBXFileReference; lastKnownFileType = folder.assetcatalog; path = "Preview Assets.xcassets"; sourceTree = "<group>"; };
		ACB70E432C5FDCB900923997 /* AuthenticationView.swift */ = {isa = PBXFileReference; lastKnownFileType = sourcecode.swift; path = AuthenticationView.swift; sourceTree = "<group>"; };
		ACB70E472C5FE87600923997 /* AuthenticationViewModel.swift */ = {isa = PBXFileReference; lastKnownFileType = sourcecode.swift; path = AuthenticationViewModel.swift; sourceTree = "<group>"; };
		ACB70E4A2C5FE88D00923997 /* AuthenticationRepository.swift */ = {isa = PBXFileReference; lastKnownFileType = sourcecode.swift; path = AuthenticationRepository.swift; sourceTree = "<group>"; };
		ACB70E4C2C5FE91000923997 /* RemoteAuthRepository.swift */ = {isa = PBXFileReference; lastKnownFileType = sourcecode.swift; path = RemoteAuthRepository.swift; sourceTree = "<group>"; };
		ACB70E512C60DECC00923997 /* AppDependencyContainer.swift */ = {isa = PBXFileReference; lastKnownFileType = sourcecode.swift; path = AppDependencyContainer.swift; sourceTree = "<group>"; };
		ACB70E562C60DF8000923997 /* HttpClient.swift */ = {isa = PBXFileReference; lastKnownFileType = sourcecode.swift; path = HttpClient.swift; sourceTree = "<group>"; };
		ACB70E582C60DFD900923997 /* Endpoint.swift */ = {isa = PBXFileReference; lastKnownFileType = sourcecode.swift; path = Endpoint.swift; sourceTree = "<group>"; };
		ACB70E5B2C60DFF500923997 /* HttpMethodType.swift */ = {isa = PBXFileReference; lastKnownFileType = sourcecode.swift; path = HttpMethodType.swift; sourceTree = "<group>"; };
		ACB70E5D2C60E0C700923997 /* NetworkError.swift */ = {isa = PBXFileReference; lastKnownFileType = sourcecode.swift; path = NetworkError.swift; sourceTree = "<group>"; };
		ACB70E5F2C60E14900923997 /* DataParsing.swift */ = {isa = PBXFileReference; lastKnownFileType = sourcecode.swift; path = DataParsing.swift; sourceTree = "<group>"; };
		ACB70E622C60E18C00923997 /* URLSessionHttpClient.swift */ = {isa = PBXFileReference; lastKnownFileType = sourcecode.swift; path = URLSessionHttpClient.swift; sourceTree = "<group>"; };
		ACB70E642C60E1FF00923997 /* JSONDataParser.swift */ = {isa = PBXFileReference; lastKnownFileType = sourcecode.swift; path = JSONDataParser.swift; sourceTree = "<group>"; };
		ACB70E662C60E41900923997 /* NetworkManager.swift */ = {isa = PBXFileReference; lastKnownFileType = sourcecode.swift; path = NetworkManager.swift; sourceTree = "<group>"; };
		ACB70E6B2C60E60300923997 /* MainViewModel.swift */ = {isa = PBXFileReference; lastKnownFileType = sourcecode.swift; path = MainViewModel.swift; sourceTree = "<group>"; };
		ACB70E6E2C60E7AF00923997 /* SignInResponder.swift */ = {isa = PBXFileReference; lastKnownFileType = sourcecode.swift; path = SignInResponder.swift; sourceTree = "<group>"; };
		ACB70E702C60E7BA00923997 /* SignUpResponder.swift */ = {isa = PBXFileReference; lastKnownFileType = sourcecode.swift; path = SignUpResponder.swift; sourceTree = "<group>"; };
		ACB70E732C60EFAD00923997 /* HomeView.swift */ = {isa = PBXFileReference; lastKnownFileType = sourcecode.swift; path = HomeView.swift; sourceTree = "<group>"; };
		ACB70E762C60F52A00923997 /* AuthDependencyContainer.swift */ = {isa = PBXFileReference; lastKnownFileType = sourcecode.swift; path = AuthDependencyContainer.swift; sourceTree = "<group>"; };
		ACB70E792C60FAEF00923997 /* SignUpEndpoint.swift */ = {isa = PBXFileReference; lastKnownFileType = sourcecode.swift; path = SignUpEndpoint.swift; sourceTree = "<group>"; };
		ACB70E7B2C60FD4B00923997 /* SignInEndpoint.swift */ = {isa = PBXFileReference; lastKnownFileType = sourcecode.swift; path = SignInEndpoint.swift; sourceTree = "<group>"; };
		ACB70E812C61388400923997 /* InspectionsTabView.swift */ = {isa = PBXFileReference; lastKnownFileType = sourcecode.swift; path = InspectionsTabView.swift; sourceTree = "<group>"; };
		ACB70E832C61389200923997 /* ProfileTabView.swift */ = {isa = PBXFileReference; lastKnownFileType = sourcecode.swift; path = ProfileTabView.swift; sourceTree = "<group>"; };
		ACB70E862C613A3400923997 /* InspectionsEmptyStateView.swift */ = {isa = PBXFileReference; lastKnownFileType = sourcecode.swift; path = InspectionsEmptyStateView.swift; sourceTree = "<group>"; };
		ACB70E882C613BFD00923997 /* InspectionsTabViewModel.swift */ = {isa = PBXFileReference; lastKnownFileType = sourcecode.swift; path = InspectionsTabViewModel.swift; sourceTree = "<group>"; };
		ACB70E8B2C6141C400923997 /* InspectionsRepository.swift */ = {isa = PBXFileReference; lastKnownFileType = sourcecode.swift; path = InspectionsRepository.swift; sourceTree = "<group>"; };
		ACB70E8E2C61423400923997 /* InspectionData.swift */ = {isa = PBXFileReference; lastKnownFileType = sourcecode.swift; path = InspectionData.swift; sourceTree = "<group>"; };
		ACB70E902C614C6A00923997 /* InspectionsListView.swift */ = {isa = PBXFileReference; lastKnownFileType = sourcecode.swift; path = InspectionsListView.swift; sourceTree = "<group>"; };
		ACB70E922C6151C300923997 /* QuestionnaireView.swift */ = {isa = PBXFileReference; lastKnownFileType = sourcecode.swift; path = QuestionnaireView.swift; sourceTree = "<group>"; };
		ACB70E942C6151F500923997 /* QuestionnaireViewModel.swift */ = {isa = PBXFileReference; lastKnownFileType = sourcecode.swift; path = QuestionnaireViewModel.swift; sourceTree = "<group>"; };
		ACB70E9C2C616D7400923997 /* InspectionsAPIRepository.swift */ = {isa = PBXFileReference; lastKnownFileType = sourcecode.swift; path = InspectionsAPIRepository.swift; sourceTree = "<group>"; };
		ACB70E9F2C616DE100923997 /* StartInspectionEndpoint.swift */ = {isa = PBXFileReference; lastKnownFileType = sourcecode.swift; path = StartInspectionEndpoint.swift; sourceTree = "<group>"; };
		ACB70F392C61903E00923997 /* InspectionsDataStore.swift */ = {isa = PBXFileReference; lastKnownFileType = sourcecode.swift; path = InspectionsDataStore.swift; sourceTree = "<group>"; };
		ACB70F3B2C6190E800923997 /* InspectionsFileDataStore.swift */ = {isa = PBXFileReference; lastKnownFileType = sourcecode.swift; path = InspectionsFileDataStore.swift; sourceTree = "<group>"; };
		ACB70F412C6199F300923997 /* InspectionsDependencyContainer.swift */ = {isa = PBXFileReference; lastKnownFileType = sourcecode.swift; path = InspectionsDependencyContainer.swift; sourceTree = "<group>"; };
		ACB70F432C6382BE00923997 /* SubmitInspectionEndpoint.swift */ = {isa = PBXFileReference; lastKnownFileType = sourcecode.swift; path = SubmitInspectionEndpoint.swift; sourceTree = "<group>"; };
/* End PBXFileReference section */

/* Begin PBXFrameworksBuildPhase section */
		ACB70E2C2C5FBBEE00923997 /* Frameworks */ = {
			isa = PBXFrameworksBuildPhase;
			buildActionMask = 2147483647;
			files = (
			);
			runOnlyForDeploymentPostprocessing = 0;
		};
/* End PBXFrameworksBuildPhase section */

/* Begin PBXGroup section */
		ACB70E262C5FBBEE00923997 = {
			isa = PBXGroup;
			children = (
				ACB70E312C5FBBEE00923997 /* Inspect */,
				ACB70E302C5FBBEE00923997 /* Products */,
			);
			sourceTree = "<group>";
		};
		ACB70E302C5FBBEE00923997 /* Products */ = {
			isa = PBXGroup;
			children = (
				ACB70E2F2C5FBBEE00923997 /* Inspect.app */,
			);
			name = Products;
			sourceTree = "<group>";
		};
		ACB70E312C5FBBEE00923997 /* Inspect */ = {
			isa = PBXGroup;
			children = (
				ACB70E682C60E5E700923997 /* Main */,
				ACB70E4E2C60D9D000923997 /* Core */,
				ACB70E722C60EB9600923997 /* Features */,
				ACB70E322C5FBBEE00923997 /* InspectApp.swift */,
				ACB70E512C60DECC00923997 /* AppDependencyContainer.swift */,
				ACB70E362C5FBBF000923997 /* Assets.xcassets */,
				ACB70E382C5FBBF000923997 /* Preview Content */,
			);
			path = Inspect;
			sourceTree = "<group>";
		};
		ACB70E382C5FBBF000923997 /* Preview Content */ = {
			isa = PBXGroup;
			children = (
				ACB70E392C5FBBF000923997 /* Preview Assets.xcassets */,
			);
			path = "Preview Content";
			sourceTree = "<group>";
		};
		ACB70E402C5FDC6400923997 /* Authentication */ = {
			isa = PBXGroup;
			children = (
				ACB70E782C60FADD00923997 /* Endpoints */,
				ACB70E752C60F50C00923997 /* DI */,
				ACB70E6D2C60E79000923997 /* Protocols */,
				ACB70E492C5FE87A00923997 /* Repository */,
				ACB70E462C5FE86500923997 /* ViewModel */,
				ACB70E452C5FE85C00923997 /* Views */,
			);
			path = Authentication;
			sourceTree = "<group>";
		};
		ACB70E412C5FDC7800923997 /* Inspections */ = {
			isa = PBXGroup;
			children = (
				ACB70F402C6199D500923997 /* DI */,
				ACB70EA42C617AF100923997 /* Persistence */,
				ACB70E9E2C616DD300923997 /* Endpoint */,
				ACB70E8D2C61422900923997 /* Models */,
				ACB70E8A2C6141B400923997 /* Repository */,
				ACB70E852C613A1700923997 /* ViewModel */,
				ACB70E7F2C61386F00923997 /* Views */,
			);
			path = Inspections;
			sourceTree = "<group>";
		};
		ACB70E422C5FDC8700923997 /* Profile */ = {
			isa = PBXGroup;
			children = (
				ACB70E802C61387700923997 /* Views */,
			);
			path = Profile;
			sourceTree = "<group>";
		};
		ACB70E452C5FE85C00923997 /* Views */ = {
			isa = PBXGroup;
			children = (
				ACB70E432C5FDCB900923997 /* AuthenticationView.swift */,
			);
			path = Views;
			sourceTree = "<group>";
		};
		ACB70E462C5FE86500923997 /* ViewModel */ = {
			isa = PBXGroup;
			children = (
				ACB70E472C5FE87600923997 /* AuthenticationViewModel.swift */,
			);
			path = ViewModel;
			sourceTree = "<group>";
		};
		ACB70E492C5FE87A00923997 /* Repository */ = {
			isa = PBXGroup;
			children = (
				ACB70E4A2C5FE88D00923997 /* AuthenticationRepository.swift */,
				ACB70E4C2C5FE91000923997 /* RemoteAuthRepository.swift */,
			);
			path = Repository;
			sourceTree = "<group>";
		};
		ACB70E4E2C60D9D000923997 /* Core */ = {
			isa = PBXGroup;
			children = (
				ACB70E502C60D9DD00923997 /* Persistence */,
				ACB70E4F2C60D9D400923997 /* Network */,
			);
			path = Core;
			sourceTree = "<group>";
		};
		ACB70E4F2C60D9D400923997 /* Network */ = {
			isa = PBXGroup;
			children = (
				ACB70E612C60E17700923997 /* Implementations */,
				ACB70E5A2C60DFE800923997 /* Enums */,
				ACB70E552C60DF7500923997 /* Protocols */,
				ACB70E662C60E41900923997 /* NetworkManager.swift */,
			);
			path = Network;
			sourceTree = "<group>";
		};
		ACB70E502C60D9DD00923997 /* Persistence */ = {
			isa = PBXGroup;
			children = (
			);
			path = Persistence;
			sourceTree = "<group>";
		};
		ACB70E552C60DF7500923997 /* Protocols */ = {
			isa = PBXGroup;
			children = (
				ACB70E562C60DF8000923997 /* HttpClient.swift */,
				ACB70E582C60DFD900923997 /* Endpoint.swift */,
				ACB70E5F2C60E14900923997 /* DataParsing.swift */,
			);
			path = Protocols;
			sourceTree = "<group>";
		};
		ACB70E5A2C60DFE800923997 /* Enums */ = {
			isa = PBXGroup;
			children = (
				ACB70E5B2C60DFF500923997 /* HttpMethodType.swift */,
				ACB70E5D2C60E0C700923997 /* NetworkError.swift */,
			);
			path = Enums;
			sourceTree = "<group>";
		};
		ACB70E612C60E17700923997 /* Implementations */ = {
			isa = PBXGroup;
			children = (
				ACB70E622C60E18C00923997 /* URLSessionHttpClient.swift */,
				ACB70E642C60E1FF00923997 /* JSONDataParser.swift */,
			);
			path = Implementations;
			sourceTree = "<group>";
		};
		ACB70E682C60E5E700923997 /* Main */ = {
			isa = PBXGroup;
			children = (
				ACB70E6A2C60E5F900923997 /* ViewModel */,
				ACB70E692C60E5F000923997 /* Views */,
			);
			path = Main;
			sourceTree = "<group>";
		};
		ACB70E692C60E5F000923997 /* Views */ = {
			isa = PBXGroup;
			children = (
				ACB70E342C5FBBEE00923997 /* MainView.swift */,
				ACB70E732C60EFAD00923997 /* HomeView.swift */,
			);
			path = Views;
			sourceTree = "<group>";
		};
		ACB70E6A2C60E5F900923997 /* ViewModel */ = {
			isa = PBXGroup;
			children = (
				ACB70E6B2C60E60300923997 /* MainViewModel.swift */,
			);
			path = ViewModel;
			sourceTree = "<group>";
		};
		ACB70E6D2C60E79000923997 /* Protocols */ = {
			isa = PBXGroup;
			children = (
				ACB70E6E2C60E7AF00923997 /* SignInResponder.swift */,
				ACB70E702C60E7BA00923997 /* SignUpResponder.swift */,
			);
			path = Protocols;
			sourceTree = "<group>";
		};
		ACB70E722C60EB9600923997 /* Features */ = {
			isa = PBXGroup;
			children = (
				ACB70E402C5FDC6400923997 /* Authentication */,
				ACB70E412C5FDC7800923997 /* Inspections */,
				ACB70E422C5FDC8700923997 /* Profile */,
			);
			path = Features;
			sourceTree = "<group>";
		};
		ACB70E752C60F50C00923997 /* DI */ = {
			isa = PBXGroup;
			children = (
				ACB70E762C60F52A00923997 /* AuthDependencyContainer.swift */,
			);
			path = DI;
			sourceTree = "<group>";
		};
		ACB70E782C60FADD00923997 /* Endpoints */ = {
			isa = PBXGroup;
			children = (
				ACB70E792C60FAEF00923997 /* SignUpEndpoint.swift */,
				ACB70E7B2C60FD4B00923997 /* SignInEndpoint.swift */,
			);
			name = Endpoints;
			sourceTree = "<group>";
		};
		ACB70E7F2C61386F00923997 /* Views */ = {
			isa = PBXGroup;
			children = (
				ACB70E812C61388400923997 /* InspectionsTabView.swift */,
				ACB70E862C613A3400923997 /* InspectionsEmptyStateView.swift */,
				ACB70E902C614C6A00923997 /* InspectionsListView.swift */,
				ACB70E922C6151C300923997 /* QuestionnaireView.swift */,
			);
			path = Views;
			sourceTree = "<group>";
		};
		ACB70E802C61387700923997 /* Views */ = {
			isa = PBXGroup;
			children = (
				ACB70E832C61389200923997 /* ProfileTabView.swift */,
			);
			path = Views;
			sourceTree = "<group>";
		};
		ACB70E852C613A1700923997 /* ViewModel */ = {
			isa = PBXGroup;
			children = (
				ACB70E882C613BFD00923997 /* InspectionsTabViewModel.swift */,
				ACB70E942C6151F500923997 /* QuestionnaireViewModel.swift */,
			);
			path = ViewModel;
			sourceTree = "<group>";
		};
		ACB70E8A2C6141B400923997 /* Repository */ = {
			isa = PBXGroup;
			children = (
				ACB70E8B2C6141C400923997 /* InspectionsRepository.swift */,
				ACB70E9C2C616D7400923997 /* InspectionsAPIRepository.swift */,
			);
			path = Repository;
			sourceTree = "<group>";
		};
		ACB70E8D2C61422900923997 /* Models */ = {
			isa = PBXGroup;
			children = (
				ACB70E8E2C61423400923997 /* InspectionData.swift */,
			);
			path = Models;
			sourceTree = "<group>";
		};
		ACB70E9E2C616DD300923997 /* Endpoint */ = {
			isa = PBXGroup;
			children = (
				ACB70E9F2C616DE100923997 /* StartInspectionEndpoint.swift */,
				ACB70F432C6382BE00923997 /* SubmitInspectionEndpoint.swift */,
			);
			path = Endpoint;
			sourceTree = "<group>";
		};
		ACB70EA42C617AF100923997 /* Persistence */ = {
			isa = PBXGroup;
			children = (
				ACB70F392C61903E00923997 /* InspectionsDataStore.swift */,
				ACB70F3B2C6190E800923997 /* InspectionsFileDataStore.swift */,
			);
			path = Persistence;
			sourceTree = "<group>";
		};
		ACB70F402C6199D500923997 /* DI */ = {
			isa = PBXGroup;
			children = (
				ACB70F412C6199F300923997 /* InspectionsDependencyContainer.swift */,
			);
			path = DI;
			sourceTree = "<group>";
		};
/* End PBXGroup section */

/* Begin PBXNativeTarget section */
		ACB70E2E2C5FBBEE00923997 /* Inspect */ = {
			isa = PBXNativeTarget;
			buildConfigurationList = ACB70E3D2C5FBBF000923997 /* Build configuration list for PBXNativeTarget "Inspect" */;
			buildPhases = (
				ACB70E2B2C5FBBEE00923997 /* Sources */,
				ACB70E2C2C5FBBEE00923997 /* Frameworks */,
				ACB70E2D2C5FBBEE00923997 /* Resources */,
			);
			buildRules = (
			);
			dependencies = (
			);
			name = Inspect;
			packageProductDependencies = (
			);
			productName = Inspect;
			productReference = ACB70E2F2C5FBBEE00923997 /* Inspect.app */;
			productType = "com.apple.product-type.application";
		};
/* End PBXNativeTarget section */

/* Begin PBXProject section */
		ACB70E272C5FBBEE00923997 /* Project object */ = {
			isa = PBXProject;
			attributes = {
				BuildIndependentTargetsInParallel = 1;
				LastSwiftUpdateCheck = 1540;
				LastUpgradeCheck = 1540;
				TargetAttributes = {
					ACB70E2E2C5FBBEE00923997 = {
						CreatedOnToolsVersion = 15.4;
					};
				};
			};
			buildConfigurationList = ACB70E2A2C5FBBEE00923997 /* Build configuration list for PBXProject "Inspect" */;
			compatibilityVersion = "Xcode 14.0";
			developmentRegion = en;
			hasScannedForEncodings = 0;
			knownRegions = (
				en,
				Base,
			);
			mainGroup = ACB70E262C5FBBEE00923997;
			packageReferences = (
			);
			productRefGroup = ACB70E302C5FBBEE00923997 /* Products */;
			projectDirPath = "";
			projectRoot = "";
			targets = (
				ACB70E2E2C5FBBEE00923997 /* Inspect */,
			);
		};
/* End PBXProject section */

/* Begin PBXResourcesBuildPhase section */
		ACB70E2D2C5FBBEE00923997 /* Resources */ = {
			isa = PBXResourcesBuildPhase;
			buildActionMask = 2147483647;
			files = (
				ACB70E3A2C5FBBF000923997 /* Preview Assets.xcassets in Resources */,
				ACB70E372C5FBBF000923997 /* Assets.xcassets in Resources */,
			);
			runOnlyForDeploymentPostprocessing = 0;
		};
/* End PBXResourcesBuildPhase section */

/* Begin PBXSourcesBuildPhase section */
		ACB70E2B2C5FBBEE00923997 /* Sources */ = {
			isa = PBXSourcesBuildPhase;
			buildActionMask = 2147483647;
			files = (
				ACB70E482C5FE87600923997 /* AuthenticationViewModel.swift in Sources */,
				ACB70E872C613A3400923997 /* InspectionsEmptyStateView.swift in Sources */,
				ACB70E592C60DFD900923997 /* Endpoint.swift in Sources */,
				ACB70E5C2C60DFF500923997 /* HttpMethodType.swift in Sources */,
				ACB70E522C60DECC00923997 /* AppDependencyContainer.swift in Sources */,
				ACB70E572C60DF8000923997 /* HttpClient.swift in Sources */,
				ACB70E8F2C61423400923997 /* InspectionData.swift in Sources */,
				ACB70E352C5FBBEE00923997 /* MainView.swift in Sources */,
				ACB70E932C6151C300923997 /* QuestionnaireView.swift in Sources */,
				ACB70E652C60E1FF00923997 /* JSONDataParser.swift in Sources */,
				ACB70E892C613BFD00923997 /* InspectionsTabViewModel.swift in Sources */,
				ACB70E952C6151F500923997 /* QuestionnaireViewModel.swift in Sources */,
				ACB70E602C60E14900923997 /* DataParsing.swift in Sources */,
				ACB70E772C60F52A00923997 /* AuthDependencyContainer.swift in Sources */,
				ACB70E9D2C616D7400923997 /* InspectionsAPIRepository.swift in Sources */,
				ACB70E712C60E7BA00923997 /* SignUpResponder.swift in Sources */,
				ACB70E842C61389200923997 /* ProfileTabView.swift in Sources */,
				ACB70E332C5FBBEE00923997 /* InspectApp.swift in Sources */,
				ACB70EA02C616DE100923997 /* StartInspectionEndpoint.swift in Sources */,
				ACB70E632C60E18C00923997 /* URLSessionHttpClient.swift in Sources */,
				ACB70E4D2C5FE91000923997 /* RemoteAuthRepository.swift in Sources */,
				ACB70E7A2C60FAEF00923997 /* SignUpEndpoint.swift in Sources */,
				ACB70E822C61388400923997 /* InspectionsTabView.swift in Sources */,
				ACB70E912C614C6A00923997 /* InspectionsListView.swift in Sources */,
				ACB70F3C2C6190E800923997 /* InspectionsFileDataStore.swift in Sources */,
				ACB70E4B2C5FE88D00923997 /* AuthenticationRepository.swift in Sources */,
				ACB70E672C60E41900923997 /* NetworkManager.swift in Sources */,
				ACB70E5E2C60E0C700923997 /* NetworkError.swift in Sources */,
				ACB70F3A2C61903E00923997 /* InspectionsDataStore.swift in Sources */,
				ACB70F442C6382BE00923997 /* SubmitInspectionEndpoint.swift in Sources */,
				ACB70E442C5FDCB900923997 /* AuthenticationView.swift in Sources */,
				ACB70E8C2C6141C400923997 /* InspectionsRepository.swift in Sources */,
				ACB70E6F2C60E7AF00923997 /* SignInResponder.swift in Sources */,
				ACB70F422C6199F300923997 /* InspectionsDependencyContainer.swift in Sources */,
				ACB70E6C2C60E60300923997 /* MainViewModel.swift in Sources */,
				ACB70E7C2C60FD4B00923997 /* SignInEndpoint.swift in Sources */,
				ACB70E742C60EFAD00923997 /* HomeView.swift in Sources */,
			);
			runOnlyForDeploymentPostprocessing = 0;
		};
/* End PBXSourcesBuildPhase section */

/* Begin XCBuildConfiguration section */
		ACB70E3B2C5FBBF000923997 /* Debug */ = {
			isa = XCBuildConfiguration;
			buildSettings = {
				ALWAYS_SEARCH_USER_PATHS = NO;
				ASSETCATALOG_COMPILER_GENERATE_SWIFT_ASSET_SYMBOL_EXTENSIONS = YES;
				CLANG_ANALYZER_NONNULL = YES;
				CLANG_ANALYZER_NUMBER_OBJECT_CONVERSION = YES_AGGRESSIVE;
				CLANG_CXX_LANGUAGE_STANDARD = "gnu++20";
				CLANG_ENABLE_MODULES = YES;
				CLANG_ENABLE_OBJC_ARC = YES;
				CLANG_ENABLE_OBJC_WEAK = YES;
				CLANG_WARN_BLOCK_CAPTURE_AUTORELEASING = YES;
				CLANG_WARN_BOOL_CONVERSION = YES;
				CLANG_WARN_COMMA = YES;
				CLANG_WARN_CONSTANT_CONVERSION = YES;
				CLANG_WARN_DEPRECATED_OBJC_IMPLEMENTATIONS = YES;
				CLANG_WARN_DIRECT_OBJC_ISA_USAGE = YES_ERROR;
				CLANG_WARN_DOCUMENTATION_COMMENTS = YES;
				CLANG_WARN_EMPTY_BODY = YES;
				CLANG_WARN_ENUM_CONVERSION = YES;
				CLANG_WARN_INFINITE_RECURSION = YES;
				CLANG_WARN_INT_CONVERSION = YES;
				CLANG_WARN_NON_LITERAL_NULL_CONVERSION = YES;
				CLANG_WARN_OBJC_IMPLICIT_RETAIN_SELF = YES;
				CLANG_WARN_OBJC_LITERAL_CONVERSION = YES;
				CLANG_WARN_OBJC_ROOT_CLASS = YES_ERROR;
				CLANG_WARN_QUOTED_INCLUDE_IN_FRAMEWORK_HEADER = YES;
				CLANG_WARN_RANGE_LOOP_ANALYSIS = YES;
				CLANG_WARN_STRICT_PROTOTYPES = YES;
				CLANG_WARN_SUSPICIOUS_MOVE = YES;
				CLANG_WARN_UNGUARDED_AVAILABILITY = YES_AGGRESSIVE;
				CLANG_WARN_UNREACHABLE_CODE = YES;
				CLANG_WARN__DUPLICATE_METHOD_MATCH = YES;
				COPY_PHASE_STRIP = NO;
				DEBUG_INFORMATION_FORMAT = dwarf;
				ENABLE_STRICT_OBJC_MSGSEND = YES;
				ENABLE_TESTABILITY = YES;
				ENABLE_USER_SCRIPT_SANDBOXING = YES;
				GCC_C_LANGUAGE_STANDARD = gnu17;
				GCC_DYNAMIC_NO_PIC = NO;
				GCC_NO_COMMON_BLOCKS = YES;
				GCC_OPTIMIZATION_LEVEL = 0;
				GCC_PREPROCESSOR_DEFINITIONS = (
					"DEBUG=1",
					"$(inherited)",
				);
				GCC_WARN_64_TO_32_BIT_CONVERSION = YES;
				GCC_WARN_ABOUT_RETURN_TYPE = YES_ERROR;
				GCC_WARN_UNDECLARED_SELECTOR = YES;
				GCC_WARN_UNINITIALIZED_AUTOS = YES_AGGRESSIVE;
				GCC_WARN_UNUSED_FUNCTION = YES;
				GCC_WARN_UNUSED_VARIABLE = YES;
				IPHONEOS_DEPLOYMENT_TARGET = 15.0;
				LOCALIZATION_PREFERS_STRING_CATALOGS = YES;
				MTL_ENABLE_DEBUG_INFO = INCLUDE_SOURCE;
				MTL_FAST_MATH = YES;
				ONLY_ACTIVE_ARCH = YES;
				SDKROOT = iphoneos;
				SWIFT_ACTIVE_COMPILATION_CONDITIONS = "DEBUG $(inherited)";
				SWIFT_OPTIMIZATION_LEVEL = "-Onone";
			};
			name = Debug;
		};
		ACB70E3C2C5FBBF000923997 /* Release */ = {
			isa = XCBuildConfiguration;
			buildSettings = {
				ALWAYS_SEARCH_USER_PATHS = NO;
				ASSETCATALOG_COMPILER_GENERATE_SWIFT_ASSET_SYMBOL_EXTENSIONS = YES;
				CLANG_ANALYZER_NONNULL = YES;
				CLANG_ANALYZER_NUMBER_OBJECT_CONVERSION = YES_AGGRESSIVE;
				CLANG_CXX_LANGUAGE_STANDARD = "gnu++20";
				CLANG_ENABLE_MODULES = YES;
				CLANG_ENABLE_OBJC_ARC = YES;
				CLANG_ENABLE_OBJC_WEAK = YES;
				CLANG_WARN_BLOCK_CAPTURE_AUTORELEASING = YES;
				CLANG_WARN_BOOL_CONVERSION = YES;
				CLANG_WARN_COMMA = YES;
				CLANG_WARN_CONSTANT_CONVERSION = YES;
				CLANG_WARN_DEPRECATED_OBJC_IMPLEMENTATIONS = YES;
				CLANG_WARN_DIRECT_OBJC_ISA_USAGE = YES_ERROR;
				CLANG_WARN_DOCUMENTATION_COMMENTS = YES;
				CLANG_WARN_EMPTY_BODY = YES;
				CLANG_WARN_ENUM_CONVERSION = YES;
				CLANG_WARN_INFINITE_RECURSION = YES;
				CLANG_WARN_INT_CONVERSION = YES;
				CLANG_WARN_NON_LITERAL_NULL_CONVERSION = YES;
				CLANG_WARN_OBJC_IMPLICIT_RETAIN_SELF = YES;
				CLANG_WARN_OBJC_LITERAL_CONVERSION = YES;
				CLANG_WARN_OBJC_ROOT_CLASS = YES_ERROR;
				CLANG_WARN_QUOTED_INCLUDE_IN_FRAMEWORK_HEADER = YES;
				CLANG_WARN_RANGE_LOOP_ANALYSIS = YES;
				CLANG_WARN_STRICT_PROTOTYPES = YES;
				CLANG_WARN_SUSPICIOUS_MOVE = YES;
				CLANG_WARN_UNGUARDED_AVAILABILITY = YES_AGGRESSIVE;
				CLANG_WARN_UNREACHABLE_CODE = YES;
				CLANG_WARN__DUPLICATE_METHOD_MATCH = YES;
				COPY_PHASE_STRIP = NO;
				DEBUG_INFORMATION_FORMAT = "dwarf-with-dsym";
				ENABLE_NS_ASSERTIONS = NO;
				ENABLE_STRICT_OBJC_MSGSEND = YES;
				ENABLE_USER_SCRIPT_SANDBOXING = YES;
				GCC_C_LANGUAGE_STANDARD = gnu17;
				GCC_NO_COMMON_BLOCKS = YES;
				GCC_WARN_64_TO_32_BIT_CONVERSION = YES;
				GCC_WARN_ABOUT_RETURN_TYPE = YES_ERROR;
				GCC_WARN_UNDECLARED_SELECTOR = YES;
				GCC_WARN_UNINITIALIZED_AUTOS = YES_AGGRESSIVE;
				GCC_WARN_UNUSED_FUNCTION = YES;
				GCC_WARN_UNUSED_VARIABLE = YES;
				IPHONEOS_DEPLOYMENT_TARGET = 15.0;
				LOCALIZATION_PREFERS_STRING_CATALOGS = YES;
				MTL_ENABLE_DEBUG_INFO = NO;
				MTL_FAST_MATH = YES;
				SDKROOT = iphoneos;
				SWIFT_COMPILATION_MODE = wholemodule;
				VALIDATE_PRODUCT = YES;
			};
			name = Release;
		};
		ACB70E3E2C5FBBF000923997 /* Debug */ = {
			isa = XCBuildConfiguration;
			buildSettings = {
				ASSETCATALOG_COMPILER_APPICON_NAME = AppIcon;
				ASSETCATALOG_COMPILER_GLOBAL_ACCENT_COLOR_NAME = AccentColor;
				CODE_SIGN_STYLE = Automatic;
				CURRENT_PROJECT_VERSION = 1;
				DEVELOPMENT_ASSET_PATHS = "\"Inspect/Preview Content\"";
				DEVELOPMENT_TEAM = SXHS9XD3C9;
				ENABLE_PREVIEWS = YES;
				GENERATE_INFOPLIST_FILE = YES;
				INFOPLIST_KEY_UIApplicationSceneManifest_Generation = YES;
				INFOPLIST_KEY_UIApplicationSupportsIndirectInputEvents = YES;
				INFOPLIST_KEY_UILaunchScreen_Generation = YES;
				INFOPLIST_KEY_UISupportedInterfaceOrientations_iPad = "UIInterfaceOrientationPortrait UIInterfaceOrientationPortraitUpsideDown UIInterfaceOrientationLandscapeLeft UIInterfaceOrientationLandscapeRight";
				INFOPLIST_KEY_UISupportedInterfaceOrientations_iPhone = "UIInterfaceOrientationPortrait UIInterfaceOrientationLandscapeLeft UIInterfaceOrientationLandscapeRight";
				LD_RUNPATH_SEARCH_PATHS = (
					"$(inherited)",
					"@executable_path/Frameworks",
				);
				MARKETING_VERSION = 1.0;
				PRODUCT_BUNDLE_IDENTIFIER = charhate.manish.Inspect;
				PRODUCT_NAME = "$(TARGET_NAME)";
				SUPPORTED_PLATFORMS = "iphoneos iphonesimulator";
				SUPPORTS_MACCATALYST = NO;
				SUPPORTS_MAC_DESIGNED_FOR_IPHONE_IPAD = NO;
				SUPPORTS_XR_DESIGNED_FOR_IPHONE_IPAD = NO;
				SWIFT_EMIT_LOC_STRINGS = YES;
				SWIFT_VERSION = 5.0;
				TARGETED_DEVICE_FAMILY = "1,2";
			};
			name = Debug;
		};
		ACB70E3F2C5FBBF000923997 /* Release */ = {
			isa = XCBuildConfiguration;
			buildSettings = {
				ASSETCATALOG_COMPILER_APPICON_NAME = AppIcon;
				ASSETCATALOG_COMPILER_GLOBAL_ACCENT_COLOR_NAME = AccentColor;
				CODE_SIGN_STYLE = Automatic;
				CURRENT_PROJECT_VERSION = 1;
				DEVELOPMENT_ASSET_PATHS = "\"Inspect/Preview Content\"";
				DEVELOPMENT_TEAM = SXHS9XD3C9;
				ENABLE_PREVIEWS = YES;
				GENERATE_INFOPLIST_FILE = YES;
				INFOPLIST_KEY_UIApplicationSceneManifest_Generation = YES;
				INFOPLIST_KEY_UIApplicationSupportsIndirectInputEvents = YES;
				INFOPLIST_KEY_UILaunchScreen_Generation = YES;
				INFOPLIST_KEY_UISupportedInterfaceOrientations_iPad = "UIInterfaceOrientationPortrait UIInterfaceOrientationPortraitUpsideDown UIInterfaceOrientationLandscapeLeft UIInterfaceOrientationLandscapeRight";
				INFOPLIST_KEY_UISupportedInterfaceOrientations_iPhone = "UIInterfaceOrientationPortrait UIInterfaceOrientationLandscapeLeft UIInterfaceOrientationLandscapeRight";
				LD_RUNPATH_SEARCH_PATHS = (
					"$(inherited)",
					"@executable_path/Frameworks",
				);
				MARKETING_VERSION = 1.0;
				PRODUCT_BUNDLE_IDENTIFIER = charhate.manish.Inspect;
				PRODUCT_NAME = "$(TARGET_NAME)";
				SUPPORTED_PLATFORMS = "iphoneos iphonesimulator";
				SUPPORTS_MACCATALYST = NO;
				SUPPORTS_MAC_DESIGNED_FOR_IPHONE_IPAD = NO;
				SUPPORTS_XR_DESIGNED_FOR_IPHONE_IPAD = NO;
				SWIFT_EMIT_LOC_STRINGS = YES;
				SWIFT_VERSION = 5.0;
				TARGETED_DEVICE_FAMILY = "1,2";
			};
			name = Release;
		};
/* End XCBuildConfiguration section */

/* Begin XCConfigurationList section */
		ACB70E2A2C5FBBEE00923997 /* Build configuration list for PBXProject "Inspect" */ = {
			isa = XCConfigurationList;
			buildConfigurations = (
				ACB70E3B2C5FBBF000923997 /* Debug */,
				ACB70E3C2C5FBBF000923997 /* Release */,
			);
			defaultConfigurationIsVisible = 0;
			defaultConfigurationName = Release;
		};
		ACB70E3D2C5FBBF000923997 /* Build configuration list for PBXNativeTarget "Inspect" */ = {
			isa = XCConfigurationList;
			buildConfigurations = (
				ACB70E3E2C5FBBF000923997 /* Debug */,
				ACB70E3F2C5FBBF000923997 /* Release */,
			);
			defaultConfigurationIsVisible = 0;
			defaultConfigurationName = Release;
		};
/* End XCConfigurationList section */
	};
	rootObject = ACB70E272C5FBBEE00923997 /* Project object */;
}
